
Microsoft Visual Studio Solution File, Format Version 12.00
# Visual Studio Version 16
VisualStudioVersion = 16.0.29519.87
MinimumVisualStudioVersion = 10.0.40219.1
Project("{FAE04EC0-301F-11D3-BF4B-00C04F79EFBC}") = "Web_practice", "Web_practice\Web_practice.csproj", "{E0AA789C-579A-4093-AD5A-62EC7B302DAF}"
EndProject
Global
	GlobalSection(SolutionConfigurationPlatforms) = preSolution
		Debug|Any CPU = Debug|Any CPU
		Release|Any CPU = Release|Any CPU
	EndGlobalSection
	GlobalSection(ProjectConfigurationPlatforms) = postSolution
		{E0AA789C-579A-4093-AD5A-62EC7B302DAF}.Debug|Any CPU.ActiveCfg = Debug|Any CPU
		{E0AA789C-579A-4093-AD5A-62EC7B302DAF}.Debug|Any CPU.Build.0 = Debug|Any CPU
		{E0AA789C-579A-4093-AD5A-62EC7B302DAF}.Release|Any CPU.ActiveCfg = Release|Any CPU
		{E0AA789C-579A-4093-AD5A-62EC7B302DAF}.Release|Any CPU.Build.0 = Release|Any CPU
	EndGlobalSection
	GlobalSection(SolutionProperties) = preSolution
		HideSolutionNode = FALSE
	EndGlobalSection
	GlobalSection(ExtensibilityGlobals) = postSolution
		SolutionGuid = {4A77D153-C51B-4CAC-A87B-3F970D17A924}
	EndGlobalSection
EndGlobal
